
Microsoft Visual Studio Solution File, Format Version 12.00
# Visual Studio Version 16
VisualStudioVersion = 16.0.34902.97
MinimumVisualStudioVersion = 10.0.40219.1
Project("{FAE04EC0-301F-11D3-BF4B-00C04F79EFBC}") = "MIS2019", "MIS2019.csproj", "{BD53A66D-2183-45CB-A2D0-0CF8763ED3D8}"
EndProject
Global
	GlobalSection(SolutionConfigurationPlatforms) = preSolution
		Debug|Any CPU = Debug|Any CPU
		Release|Any CPU = Release|Any CPU
	EndGlobalSection
	GlobalSection(ProjectConfigurationPlatforms) = postSolution
		{BD53A66D-2183-45CB-A2D0-0CF8763ED3D8}.Debug|Any CPU.ActiveCfg = Debug|Any CPU
		{BD53A66D-2183-45CB-A2D0-0CF8763ED3D8}.Debug|Any CPU.Build.0 = Debug|Any CPU
		{BD53A66D-2183-45CB-A2D0-0CF8763ED3D8}.Release|Any CPU.ActiveCfg = Release|Any CPU
		{BD53A66D-2183-45CB-A2D0-0CF8763ED3D8}.Release|Any CPU.Build.0 = Release|Any CPU
	EndGlobalSection
	GlobalSection(SolutionProperties) = preSolution
		HideSolutionNode = FALSE
	EndGlobalSection
	GlobalSection(ExtensibilityGlobals) = postSolution
		SolutionGuid = {00D92A4C-B2A4-489A-A22B-36A91016ED0C}
	EndGlobalSection
EndGlobal
